github.com/papaya147/parallelize v0.1.1 h1:3VcGG9Yaps0f3UaJpP5KmexNjcC1SE5PLqaQKqP1g/s=
github.com/papaya147/parallelize v0.1.1/go.mod h1:oolxgyfD/m+HuW2WGbHUjD+QGIQIYcWjDUq2mjc82dw=
github.com/papaya147/parallelize v0.1.2 h1:yRp7/9KIYEUPApzXMKtkIF4g7U1QHgapS26ltHq1Gq8=
github.com/papaya147/parallelize v0.1.2/go.mod h1:oolxgyfD/m+HuW2WGbHUjD+QGIQIYcWjDUq2mjc82dw=
